
Microsoft Visual Studio Solution File, Format Version 12.00
# Visual Studio Version 16
VisualStudioVersion = 16.0.31613.86
MinimumVisualStudioVersion = 10.0.40219.1
Project("{FAE04EC0-301F-11D3-BF4B-00C04F79EFBC}") = "if else Demo", "if else Demo.csproj", "{2E22056A-6A85-4A76-B990-F3ACE15655FE}"
EndProject
Project("{FAE04EC0-301F-11D3-BF4B-00C04F79EFBC}") = "Nested If Demo", "..\Nested If Demo\Nested If Demo.csproj", "{545D8FE7-1FB8-4996-977A-61274344FC66}"
EndProject
Project("{FAE04EC0-301F-11D3-BF4B-00C04F79EFBC}") = "Else if Ladder", "..\Else if Ladder\Else if Ladder.csproj", "{47048D46-82B7-422F-A696-F245B0151BF5}"
EndProject
Global
	GlobalSection(SolutionConfigurationPlatforms) = preSolution
		Debug|Any CPU = Debug|Any CPU
		Release|Any CPU = Release|Any CPU
	EndGlobalSection
	GlobalSection(ProjectConfigurationPlatforms) = postSolution
		{2E22056A-6A85-4A76-B990-F3ACE15655FE}.Debug|Any CPU.ActiveCfg = Debug|Any CPU
		{2E22056A-6A85-4A76-B990-F3ACE15655FE}.Debug|Any CPU.Build.0 = Debug|Any CPU
		{2E22056A-6A85-4A76-B990-F3ACE15655FE}.Release|Any CPU.ActiveCfg = Release|Any CPU
		{2E22056A-6A85-4A76-B990-F3ACE15655FE}.Release|Any CPU.Build.0 = Release|Any CPU
		{545D8FE7-1FB8-4996-977A-61274344FC66}.Debug|Any CPU.ActiveCfg = Debug|Any CPU
		{545D8FE7-1FB8-4996-977A-61274344FC66}.Debug|Any CPU.Build.0 = Debug|Any CPU
		{545D8FE7-1FB8-4996-977A-61274344FC66}.Release|Any CPU.ActiveCfg = Release|Any CPU
		{545D8FE7-1FB8-4996-977A-61274344FC66}.Release|Any CPU.Build.0 = Release|Any CPU
		{47048D46-82B7-422F-A696-F245B0151BF5}.Debug|Any CPU.ActiveCfg = Debug|Any CPU
		{47048D46-82B7-422F-A696-F245B0151BF5}.Debug|Any CPU.Build.0 = Debug|Any CPU
		{47048D46-82B7-422F-A696-F245B0151BF5}.Release|Any CPU.ActiveCfg = Release|Any CPU
		{47048D46-82B7-422F-A696-F245B0151BF5}.Release|Any CPU.Build.0 = Release|Any CPU
	EndGlobalSection
	GlobalSection(SolutionProperties) = preSolution
		HideSolutionNode = FALSE
	EndGlobalSection
	GlobalSection(ExtensibilityGlobals) = postSolution
		SolutionGuid = {54AC6FCF-EC95-40BF-ABC6-B8310A6F8030}
	EndGlobalSection
EndGlobal
